
Microsoft Visual Studio Solution File, Format Version 12.00
# Visual Studio Version 16
VisualStudioVersion = 16.0.810.8
MinimumVisualStudioVersion = 10.0.40219.1
Project("{FAE04EC0-301F-11D3-BF4B-00C04F79EFBC}") = "CoffeeShopCustomerManagerSystem", "CoffeeShopCustomerManagerSystem\CoffeeShopCustomerManagerSystem.csproj", "{B9CFA62A-3B57-43BF-BEFF-FFF7EB8775AA}"
EndProject
Global
	GlobalSection(SolutionConfigurationPlatforms) = preSolution
		Debug|anycpu = Debug|anycpu
		Release|anycpu = Release|anycpu
	EndGlobalSection
	GlobalSection(ProjectConfigurationPlatforms) = postSolution
		{B9CFA62A-3B57-43BF-BEFF-FFF7EB8775AA}.Debug|anycpu.ActiveCfg = Debug|anycpu
		{B9CFA62A-3B57-43BF-BEFF-FFF7EB8775AA}.Debug|anycpu.Build.0 = Debug|anycpu
		{B9CFA62A-3B57-43BF-BEFF-FFF7EB8775AA}.Release|anycpu.ActiveCfg = Release|anycpu
		{B9CFA62A-3B57-43BF-BEFF-FFF7EB8775AA}.Release|anycpu.Build.0 = Release|anycpu
	EndGlobalSection
	GlobalSection(SolutionProperties) = preSolution
		HideSolutionNode = FALSE
	EndGlobalSection
	GlobalSection(ExtensibilityGlobals) = postSolution
		SolutionGuid = {0DD26044-8BB2-4DF7-AA7D-F6A4C2BDE301}
	EndGlobalSection
EndGlobal
